
Microsoft Visual Studio Solution File, Format Version 12.00
# Visual Studio Version 16
VisualStudioVersion = 16.0.30104.148
MinimumVisualStudioVersion = 10.0.40219.1
Project("{FAE04EC0-301F-11D3-BF4B-00C04F79EFBC}") = "MylaFlower", "MylaFlower\MylaFlower.csproj", "{65D8DE40-305E-439B-822C-7B99094C1F48}"
EndProject
Global
	GlobalSection(SolutionConfigurationPlatforms) = preSolution
		Debug|Any CPU = Debug|Any CPU
		Release|Any CPU = Release|Any CPU
	EndGlobalSection
	GlobalSection(ProjectConfigurationPlatforms) = postSolution
		{65D8DE40-305E-439B-822C-7B99094C1F48}.Debug|Any CPU.ActiveCfg = Debug|Any CPU
		{65D8DE40-305E-439B-822C-7B99094C1F48}.Debug|Any CPU.Build.0 = Debug|Any CPU
		{65D8DE40-305E-439B-822C-7B99094C1F48}.Release|Any CPU.ActiveCfg = Release|Any CPU
		{65D8DE40-305E-439B-822C-7B99094C1F48}.Release|Any CPU.Build.0 = Release|Any CPU
	EndGlobalSection
	GlobalSection(SolutionProperties) = preSolution
		HideSolutionNode = FALSE
	EndGlobalSection
	GlobalSection(ExtensibilityGlobals) = postSolution
		SolutionGuid = {D316244D-E9E1-4D8F-A1F2-C5EEB22A83B0}
	EndGlobalSection
EndGlobal
